
Microsoft Visual Studio Solution File, Format Version 12.00
# Visual Studio Version 16
VisualStudioVersion = 16.0.28803.156
MinimumVisualStudioVersion = 10.0.40219.1
Project("{2150E333-8FDC-42A3-9474-1A3956D46DE8}") = "Solution Items", "Solution Items", "{90FE6B63-C633-46E7-ABDF-BA08EE3AE910}"
	ProjectSection(SolutionItems) = preProject
		Solution Items\Application.ruleset = Solution Items\Application.ruleset
		Solution Items\CustomDictionary.xml = Solution Items\CustomDictionary.xml
		Settings.StyleCop = Settings.StyleCop
	EndProjectSection
EndProject
Project("{FAE04EC0-301F-11D3-BF4B-00C04F79EFBC}") = "Tekapo", "Tekapo\Tekapo.csproj", "{106EAA95-2C57-4545-935E-7302160C1574}"
EndProject
Project("{FAE04EC0-301F-11D3-BF4B-00C04F79EFBC}") = "Tekapo.Processing", "Tekapo.Processing\Tekapo.Processing.csproj", "{08AC03A4-5267-46F5-989F-B115D9AA3B61}"
EndProject
Project("{FAE04EC0-301F-11D3-BF4B-00C04F79EFBC}") = "Neovolve.Windows.Forms", "Neovolve.Windows.Forms\Neovolve.Windows.Forms.csproj", "{19C1EA4E-AA54-4354-B2FA-D7504F8CF722}"
EndProject
Project("{FAE04EC0-301F-11D3-BF4B-00C04F79EFBC}") = "Neovolve.Windows.Forms.Test", "Neovolve.Windows.Forms.Test\Neovolve.Windows.Forms.Test.csproj", "{0B0E8789-C3CE-475F-B912-62BD156DA605}"
EndProject
Global
	GlobalSection(SolutionConfigurationPlatforms) = preSolution
		Debug|Any CPU = Debug|Any CPU
		Release|Any CPU = Release|Any CPU
	EndGlobalSection
	GlobalSection(ProjectConfigurationPlatforms) = postSolution
		{106EAA95-2C57-4545-935E-7302160C1574}.Debug|Any CPU.ActiveCfg = Debug|Any CPU
		{106EAA95-2C57-4545-935E-7302160C1574}.Debug|Any CPU.Build.0 = Debug|Any CPU
		{106EAA95-2C57-4545-935E-7302160C1574}.Release|Any CPU.ActiveCfg = Release|Any CPU
		{106EAA95-2C57-4545-935E-7302160C1574}.Release|Any CPU.Build.0 = Release|Any CPU
		{08AC03A4-5267-46F5-989F-B115D9AA3B61}.Debug|Any CPU.ActiveCfg = Debug|Any CPU
		{08AC03A4-5267-46F5-989F-B115D9AA3B61}.Debug|Any CPU.Build.0 = Debug|Any CPU
		{08AC03A4-5267-46F5-989F-B115D9AA3B61}.Release|Any CPU.ActiveCfg = Release|Any CPU
		{08AC03A4-5267-46F5-989F-B115D9AA3B61}.Release|Any CPU.Build.0 = Release|Any CPU
		{19C1EA4E-AA54-4354-B2FA-D7504F8CF722}.Debug|Any CPU.ActiveCfg = Debug|Any CPU
		{19C1EA4E-AA54-4354-B2FA-D7504F8CF722}.Debug|Any CPU.Build.0 = Debug|Any CPU
		{19C1EA4E-AA54-4354-B2FA-D7504F8CF722}.Release|Any CPU.ActiveCfg = Release|Any CPU
		{19C1EA4E-AA54-4354-B2FA-D7504F8CF722}.Release|Any CPU.Build.0 = Release|Any CPU
		{0B0E8789-C3CE-475F-B912-62BD156DA605}.Debug|Any CPU.ActiveCfg = Debug|Any CPU
		{0B0E8789-C3CE-475F-B912-62BD156DA605}.Debug|Any CPU.Build.0 = Debug|Any CPU
		{0B0E8789-C3CE-475F-B912-62BD156DA605}.Release|Any CPU.ActiveCfg = Release|Any CPU
		{0B0E8789-C3CE-475F-B912-62BD156DA605}.Release|Any CPU.Build.0 = Release|Any CPU
	EndGlobalSection
	GlobalSection(SolutionProperties) = preSolution
		HideSolutionNode = FALSE
	EndGlobalSection
	GlobalSection(ExtensibilityGlobals) = postSolution
		SolutionGuid = {205BCFA2-5D07-45F1-8D08-52F50D0FE672}
	EndGlobalSection
EndGlobal
